{
  "meteor": {
    "git": "https://github.com/meteor/meteor.git",
    "branch": "devel",
    "commit": "f20c76725c6611f31d598223cf34a67d455e41e9"
  },
  "dependencies": {
    "basePackages": {
      "bootstrap-wysiwyg": {},
      "pdf.js": {}
    },
    "packages": {
      "bootstrap-wysiwyg": {
        "git": "https://github.com/mcrider/meteor-bootstrap-wysiwyg.git",
        "tag": "v0.1.0",
        "commit": "b9b1ffadb42b8bbfade08aaea10e4fbe890d21dd"
      },
      "pdf.js": {
        "git": "https://github.com/peerlibrary/meteor-pdf.js.git",
        "tag": "v0.7.369.3",
        "commit": "af529e954fd30fe4258b8a778aa48bf2f88cc965"
      }
    }
  }
}
